
Microsoft Visual Studio Solution File, Format Version 12.00
# Visual Studio Version 17
VisualStudioVersion = 17.9.34701.34
MinimumVisualStudioVersion = 10.0.40219.1
Project("{9A19103F-16F7-4668-BE54-9A1E7A4F7556}") = "HASS.Agent.Base", "HASS.Agent.Base\HASS.Agent.Base.csproj", "{9A9048EB-1E55-433D-B971-42B65CAAA00E}"
EndProject
Project("{9A19103F-16F7-4668-BE54-9A1E7A4F7556}") = "HASS.Agent.UI", "HASS.Agent.UI\HASS.Agent.UI.csproj", "{9B8EF261-4055-49E7-83BA-83CDADA807AA}"
EndProject
Project("{9A19103F-16F7-4668-BE54-9A1E7A4F7556}") = "HASS.Agent.Test", "HASS.Agent.Test\HASS.Agent.Test.csproj", "{2526D75C-5BA4-44A1-A446-D7BA6B8FC234}"
EndProject
Project("{FAE04EC0-301F-11D3-BF4B-00C04F79EFBC}") = "HASS.Agent.Contracts", "HASS.Agent.Contracts\HASS.Agent.Contracts.csproj", "{AA2CB4C6-3B7C-4E41-9BDD-D00E32F2CE61}"
EndProject
Project("{FAE04EC0-301F-11D3-BF4B-00C04F79EFBC}") = "HASS.Agent.Client", "HASS.Agent.Client\HASS.Agent.Client.csproj", "{DEBE05D1-620B-494B-A763-03263535CAD5}"
EndProject
Project("{FAE04EC0-301F-11D3-BF4B-00C04F79EFBC}") = "HASS.Agent.Base.Linux", "HASS.Agent.Base.Linux\HASS.Agent.Base.Linux.csproj", "{886DD845-025B-447C-9586-8FFF9DF6D22B}"
EndProject
Project("{FAE04EC0-301F-11D3-BF4B-00C04F79EFBC}") = "HASS.Agent.Base.Windows", "HASS.Agent.Base.Windows\HASS.Agent.Base.Windows.csproj", "{60F59DA4-2AA5-4A95-BE5A-002F15550156}"
EndProject
Project("{FAE04EC0-301F-11D3-BF4B-00C04F79EFBC}") = "HASS.Agent.Translations", "HASS.Agent.Translations\HASS.Agent.Translations.csproj", "{D99A9150-6E37-4091-AB14-5183ABE16EA4}"
EndProject
Global
	GlobalSection(SolutionConfigurationPlatforms) = preSolution
		Debug|x64 = Debug|x64
		Debug|x86 = Debug|x86
		Release|x64 = Release|x64
		Release|x86 = Release|x86
	EndGlobalSection
	GlobalSection(ProjectConfigurationPlatforms) = postSolution
		{9A9048EB-1E55-433D-B971-42B65CAAA00E}.Debug|x64.ActiveCfg = Debug|x64
		{9A9048EB-1E55-433D-B971-42B65CAAA00E}.Debug|x64.Build.0 = Debug|x64
		{9A9048EB-1E55-433D-B971-42B65CAAA00E}.Debug|x86.ActiveCfg = Debug|x86
		{9A9048EB-1E55-433D-B971-42B65CAAA00E}.Debug|x86.Build.0 = Debug|x86
		{9A9048EB-1E55-433D-B971-42B65CAAA00E}.Release|x64.ActiveCfg = Release|x64
		{9A9048EB-1E55-433D-B971-42B65CAAA00E}.Release|x64.Build.0 = Release|x64
		{9A9048EB-1E55-433D-B971-42B65CAAA00E}.Release|x86.ActiveCfg = Release|Any CPU
		{9A9048EB-1E55-433D-B971-42B65CAAA00E}.Release|x86.Build.0 = Release|Any CPU
		{9B8EF261-4055-49E7-83BA-83CDADA807AA}.Debug|x64.ActiveCfg = Debug|x64
		{9B8EF261-4055-49E7-83BA-83CDADA807AA}.Debug|x86.ActiveCfg = Debug|x86
		{9B8EF261-4055-49E7-83BA-83CDADA807AA}.Debug|x86.Build.0 = Debug|x86
		{9B8EF261-4055-49E7-83BA-83CDADA807AA}.Release|x64.ActiveCfg = Release|x64
		{9B8EF261-4055-49E7-83BA-83CDADA807AA}.Release|x86.ActiveCfg = Release|x86
		{9B8EF261-4055-49E7-83BA-83CDADA807AA}.Release|x86.Build.0 = Release|x86
		{2526D75C-5BA4-44A1-A446-D7BA6B8FC234}.Debug|x64.ActiveCfg = Debug|Any CPU
		{2526D75C-5BA4-44A1-A446-D7BA6B8FC234}.Debug|x86.ActiveCfg = Debug|Any CPU
		{2526D75C-5BA4-44A1-A446-D7BA6B8FC234}.Debug|x86.Build.0 = Debug|Any CPU
		{2526D75C-5BA4-44A1-A446-D7BA6B8FC234}.Release|x64.ActiveCfg = Release|Any CPU
		{2526D75C-5BA4-44A1-A446-D7BA6B8FC234}.Release|x86.ActiveCfg = Release|Any CPU
		{2526D75C-5BA4-44A1-A446-D7BA6B8FC234}.Release|x86.Build.0 = Release|Any CPU
		{AA2CB4C6-3B7C-4E41-9BDD-D00E32F2CE61}.Debug|x64.ActiveCfg = Debug|x64
		{AA2CB4C6-3B7C-4E41-9BDD-D00E32F2CE61}.Debug|x64.Build.0 = Debug|x64
		{AA2CB4C6-3B7C-4E41-9BDD-D00E32F2CE61}.Debug|x86.ActiveCfg = Debug|Any CPU
		{AA2CB4C6-3B7C-4E41-9BDD-D00E32F2CE61}.Debug|x86.Build.0 = Debug|Any CPU
		{AA2CB4C6-3B7C-4E41-9BDD-D00E32F2CE61}.Release|x64.ActiveCfg = Release|x64
		{AA2CB4C6-3B7C-4E41-9BDD-D00E32F2CE61}.Release|x64.Build.0 = Release|x64
		{AA2CB4C6-3B7C-4E41-9BDD-D00E32F2CE61}.Release|x86.ActiveCfg = Release|Any CPU
		{AA2CB4C6-3B7C-4E41-9BDD-D00E32F2CE61}.Release|x86.Build.0 = Release|Any CPU
		{DEBE05D1-620B-494B-A763-03263535CAD5}.Debug|x64.ActiveCfg = Debug|x64
		{DEBE05D1-620B-494B-A763-03263535CAD5}.Debug|x64.Build.0 = Debug|x64
		{DEBE05D1-620B-494B-A763-03263535CAD5}.Debug|x86.ActiveCfg = Debug|Any CPU
		{DEBE05D1-620B-494B-A763-03263535CAD5}.Debug|x86.Build.0 = Debug|Any CPU
		{DEBE05D1-620B-494B-A763-03263535CAD5}.Release|x64.ActiveCfg = Release|x64
		{DEBE05D1-620B-494B-A763-03263535CAD5}.Release|x64.Build.0 = Release|x64
		{DEBE05D1-620B-494B-A763-03263535CAD5}.Release|x86.ActiveCfg = Release|Any CPU
		{DEBE05D1-620B-494B-A763-03263535CAD5}.Release|x86.Build.0 = Release|Any CPU
		{886DD845-025B-447C-9586-8FFF9DF6D22B}.Debug|x64.ActiveCfg = Debug|x64
		{886DD845-025B-447C-9586-8FFF9DF6D22B}.Debug|x64.Build.0 = Debug|x64
		{886DD845-025B-447C-9586-8FFF9DF6D22B}.Debug|x86.ActiveCfg = Debug|x86
		{886DD845-025B-447C-9586-8FFF9DF6D22B}.Debug|x86.Build.0 = Debug|x86
		{886DD845-025B-447C-9586-8FFF9DF6D22B}.Release|x64.ActiveCfg = Release|x64
		{886DD845-025B-447C-9586-8FFF9DF6D22B}.Release|x64.Build.0 = Release|x64
		{886DD845-025B-447C-9586-8FFF9DF6D22B}.Release|x86.ActiveCfg = Release|Any CPU
		{886DD845-025B-447C-9586-8FFF9DF6D22B}.Release|x86.Build.0 = Release|Any CPU
		{60F59DA4-2AA5-4A95-BE5A-002F15550156}.Debug|x64.ActiveCfg = Debug|x64
		{60F59DA4-2AA5-4A95-BE5A-002F15550156}.Debug|x86.ActiveCfg = Debug|Any CPU
		{60F59DA4-2AA5-4A95-BE5A-002F15550156}.Debug|x86.Build.0 = Debug|Any CPU
		{60F59DA4-2AA5-4A95-BE5A-002F15550156}.Release|x64.ActiveCfg = Release|x64
		{60F59DA4-2AA5-4A95-BE5A-002F15550156}.Release|x64.Build.0 = Release|x64
		{60F59DA4-2AA5-4A95-BE5A-002F15550156}.Release|x86.ActiveCfg = Release|Any CPU
		{60F59DA4-2AA5-4A95-BE5A-002F15550156}.Release|x86.Build.0 = Release|Any CPU
		{60F59DA4-2AA5-4A95-BE5A-002F15550156}.Debug|x64.Build.0 = Debug|x64
		{D99A9150-6E37-4091-AB14-5183ABE16EA4}.Debug|x64.ActiveCfg = Debug|Any CPU
		{D99A9150-6E37-4091-AB14-5183ABE16EA4}.Debug|x64.Build.0 = Debug|Any CPU
		{D99A9150-6E37-4091-AB14-5183ABE16EA4}.Debug|x86.ActiveCfg = Debug|Any CPU
		{D99A9150-6E37-4091-AB14-5183ABE16EA4}.Debug|x86.Build.0 = Debug|Any CPU
		{D99A9150-6E37-4091-AB14-5183ABE16EA4}.Release|x64.ActiveCfg = Release|Any CPU
		{D99A9150-6E37-4091-AB14-5183ABE16EA4}.Release|x64.Build.0 = Release|Any CPU
		{D99A9150-6E37-4091-AB14-5183ABE16EA4}.Release|x86.ActiveCfg = Release|Any CPU
		{D99A9150-6E37-4091-AB14-5183ABE16EA4}.Release|x86.Build.0 = Release|Any CPU
	EndGlobalSection
	GlobalSection(SolutionProperties) = preSolution
		HideSolutionNode = FALSE
	EndGlobalSection
	GlobalSection(ExtensibilityGlobals) = postSolution
		SolutionGuid = {B6EA4988-3810-49F1-B07A-DD8B62C4DE8A}
	EndGlobalSection
EndGlobal
